// !$*UTF8*$!
{
	archiveVersion = 1;
	classes = {
	};
	objectVersion = 56;
	objects = {

/* Begin PBXBuildFile section */
		D31960AE2A4CBABA006008DF /* icaloriesApp.swift in Sources */ = {isa = PBXBuildFile; fileRef = D31960AD2A4CBABA006008DF /* icaloriesApp.swift */; };
		D31960B02A4CBABA006008DF /* ContentView.swift in Sources */ = {isa = PBXBuildFile; fileRef = D31960AF2A4CBABA006008DF /* ContentView.swift */; };
		D31960B22A4CBABC006008DF /* Assets.xcassets in Resources */ = {isa = PBXBuildFile; fileRef = D31960B12A4CBABC006008DF /* Assets.xcassets */; };
		D31960B52A4CBABC006008DF /* Preview Assets.xcassets in Resources */ = {isa = PBXBuildFile; fileRef = D31960B42A4CBABC006008DF /* Preview Assets.xcassets */; };
		D31960BE2A4CBAFB006008DF /* FoodModel.xcdatamodeld in Sources */ = {isa = PBXBuildFile; fileRef = D31960BC2A4CBAFB006008DF /* FoodModel.xcdatamodeld */; };
		D31960C02A4CBBA4006008DF /* DataController.swift in Sources */ = {isa = PBXBuildFile; fileRef = D31960BF2A4CBBA4006008DF /* DataController.swift */; };
		D31960C42A4CBDB9006008DF /* AddFoodView.swift in Sources */ = {isa = PBXBuildFile; fileRef = D31960C32A4CBDB9006008DF /* AddFoodView.swift */; };
		D31960C62A4CBEDC006008DF /* TimeFormatting.swift in Sources */ = {isa = PBXBuildFile; fileRef = D31960C52A4CBEDC006008DF /* TimeFormatting.swift */; };
		D31960C82A4CCC06006008DF /* EditFoodView.swift in Sources */ = {isa = PBXBuildFile; fileRef = D31960C72A4CCC06006008DF /* EditFoodView.swift */; };
		D31960CD2A4D5FF9006008DF /* Food.swift in Sources */ = {isa = PBXBuildFile; fileRef = D31960CC2A4D5FF9006008DF /* Food.swift */; };
/* End PBXBuildFile section */

/* Begin PBXFileReference section */
		D31960AA2A4CBABA006008DF /* icalories.app */ = {isa = PBXFileReference; explicitFileType = wrapper.application; includeInIndex = 0; path = icalories.app; sourceTree = BUILT_PRODUCTS_DIR; };
		D31960AD2A4CBABA006008DF /* icaloriesApp.swift */ = {isa = PBXFileReference; lastKnownFileType = sourcecode.swift; path = icaloriesApp.swift; sourceTree = "<group>"; };
		D31960AF2A4CBABA006008DF /* ContentView.swift */ = {isa = PBXFileReference; lastKnownFileType = sourcecode.swift; path = ContentView.swift; sourceTree = "<group>"; };
		D31960B12A4CBABC006008DF /* Assets.xcassets */ = {isa = PBXFileReference; lastKnownFileType = folder.assetcatalog; path = Assets.xcassets; sourceTree = "<group>"; };
		D31960B42A4CBABC006008DF /* Preview Assets.xcassets */ = {isa = PBXFileReference; lastKnownFileType = folder.assetcatalog; path = "Preview Assets.xcassets"; sourceTree = "<group>"; };
		D31960BD2A4CBAFB006008DF /* FoodModel.xcdatamodel */ = {isa = PBXFileReference; lastKnownFileType = wrapper.xcdatamodel; path = FoodModel.xcdatamodel; sourceTree = "<group>"; };
		D31960BF2A4CBBA4006008DF /* DataController.swift */ = {isa = PBXFileReference; lastKnownFileType = sourcecode.swift; path = DataController.swift; sourceTree = "<group>"; };
		D31960C32A4CBDB9006008DF /* AddFoodView.swift */ = {isa = PBXFileReference; lastKnownFileType = sourcecode.swift; path = AddFoodView.swift; sourceTree = "<group>"; };
		D31960C52A4CBEDC006008DF /* TimeFormatting.swift */ = {isa = PBXFileReference; lastKnownFileType = sourcecode.swift; path = TimeFormatting.swift; sourceTree = "<group>"; };
		D31960C72A4CCC06006008DF /* EditFoodView.swift */ = {isa = PBXFileReference; lastKnownFileType = sourcecode.swift; path = EditFoodView.swift; sourceTree = "<group>"; };
		D31960CC2A4D5FF9006008DF /* Food.swift */ = {isa = PBXFileReference; lastKnownFileType = sourcecode.swift; path = Food.swift; sourceTree = "<group>"; };
/* End PBXFileReference section */

/* Begin PBXFrameworksBuildPhase section */
		D31960A72A4CBABA006008DF /* Frameworks */ = {
			isa = PBXFrameworksBuildPhase;
			buildActionMask = 2147483647;
			files = (
			);
			runOnlyForDeploymentPostprocessing = 0;
		};
/* End PBXFrameworksBuildPhase section */

/* Begin PBXGroup section */
		D31960A12A4CBABA006008DF = {
			isa = PBXGroup;
			children = (
				D31960AC2A4CBABA006008DF /* icalories */,
				D31960AB2A4CBABA006008DF /* Products */,
			);
			sourceTree = "<group>";
		};
		D31960AB2A4CBABA006008DF /* Products */ = {
			isa = PBXGroup;
			children = (
				D31960AA2A4CBABA006008DF /* icalories.app */,
			);
			name = Products;
			sourceTree = "<group>";
		};
		D31960AC2A4CBABA006008DF /* icalories */ = {
			isa = PBXGroup;
			children = (
				D31960AD2A4CBABA006008DF /* icaloriesApp.swift */,
				D31960C22A4CBD99006008DF /* Helpers */,
				D31960C12A4CBD91006008DF /* Views */,
				D31960BB2A4CBADC006008DF /* DataModel */,
				D31960B12A4CBABC006008DF /* Assets.xcassets */,
				D31960B32A4CBABC006008DF /* Preview Content */,
			);
			path = icalories;
			sourceTree = "<group>";
		};
		D31960B32A4CBABC006008DF /* Preview Content */ = {
			isa = PBXGroup;
			children = (
				D31960B42A4CBABC006008DF /* Preview Assets.xcassets */,
			);
			path = "Preview Content";
			sourceTree = "<group>";
		};
		D31960BB2A4CBADC006008DF /* DataModel */ = {
			isa = PBXGroup;
			children = (
				D31960BC2A4CBAFB006008DF /* FoodModel.xcdatamodeld */,
				D31960BF2A4CBBA4006008DF /* DataController.swift */,
				D31960CC2A4D5FF9006008DF /* Food.swift */,
			);
			path = DataModel;
			sourceTree = "<group>";
		};
		D31960C12A4CBD91006008DF /* Views */ = {
			isa = PBXGroup;
			children = (
				D31960AF2A4CBABA006008DF /* ContentView.swift */,
				D31960C32A4CBDB9006008DF /* AddFoodView.swift */,
				D31960C72A4CCC06006008DF /* EditFoodView.swift */,
			);
			path = Views;
			sourceTree = "<group>";
		};
		D31960C22A4CBD99006008DF /* Helpers */ = {
			isa = PBXGroup;
			children = (
				D31960C52A4CBEDC006008DF /* TimeFormatting.swift */,
			);
			path = Helpers;
			sourceTree = "<group>";
		};
/* End PBXGroup section */

/* Begin PBXNativeTarget section */
		D31960A92A4CBABA006008DF /* icalories */ = {
			isa = PBXNativeTarget;
			buildConfigurationList = D31960B82A4CBABC006008DF /* Build configuration list for PBXNativeTarget "icalories" */;
			buildPhases = (
				D31960A62A4CBABA006008DF /* Sources */,
				D31960A72A4CBABA006008DF /* Frameworks */,
				D31960A82A4CBABA006008DF /* Resources */,
			);
			buildRules = (
			);
			dependencies = (
			);
			name = icalories;
			productName = icalories;
			productReference = D31960AA2A4CBABA006008DF /* icalories.app */;
			productType = "com.apple.product-type.application";
		};
/* End PBXNativeTarget section */

/* Begin PBXProject section */
		D31960A22A4CBABA006008DF /* Project object */ = {
			isa = PBXProject;
			attributes = {
				BuildIndependentTargetsInParallel = 1;
				LastSwiftUpdateCheck = 1430;
				LastUpgradeCheck = 1430;
				TargetAttributes = {
					D31960A92A4CBABA006008DF = {
						CreatedOnToolsVersion = 14.3.1;
					};
				};
			};
			buildConfigurationList = D31960A52A4CBABA006008DF /* Build configuration list for PBXProject "icalories" */;
			compatibilityVersion = "Xcode 14.0";
			developmentRegion = en;
			hasScannedForEncodings = 0;
			knownRegions = (
				en,
				Base,
			);
			mainGroup = D31960A12A4CBABA006008DF;
			productRefGroup = D31960AB2A4CBABA006008DF /* Products */;
			projectDirPath = "";
			projectRoot = "";
			targets = (
				D31960A92A4CBABA006008DF /* icalories */,
			);
		};
/* End PBXProject section */

/* Begin PBXResourcesBuildPhase section */
		D31960A82A4CBABA006008DF /* Resources */ = {
			isa = PBXResourcesBuildPhase;
			buildActionMask = 2147483647;
			files = (
				D31960B52A4CBABC006008DF /* Preview Assets.xcassets in Resources */,
				D31960B22A4CBABC006008DF /* Assets.xcassets in Resources */,
			);
			runOnlyForDeploymentPostprocessing = 0;
		};
/* End PBXResourcesBuildPhase section */

/* Begin PBXSourcesBuildPhase section */
		D31960A62A4CBABA006008DF /* Sources */ = {
			isa = PBXSourcesBuildPhase;
			buildActionMask = 2147483647;
			files = (
				D31960C42A4CBDB9006008DF /* AddFoodView.swift in Sources */,
				D31960B02A4CBABA006008DF /* ContentView.swift in Sources */,
				D31960C02A4CBBA4006008DF /* DataController.swift in Sources */,
				D31960AE2A4CBABA006008DF /* icaloriesApp.swift in Sources */,
				D31960BE2A4CBAFB006008DF /* FoodModel.xcdatamodeld in Sources */,
				D31960CD2A4D5FF9006008DF /* Food.swift in Sources */,
				D31960C82A4CCC06006008DF /* EditFoodView.swift in Sources */,
				D31960C62A4CBEDC006008DF /* TimeFormatting.swift in Sources */,
			);
			runOnlyForDeploymentPostprocessing = 0;
		};
/* End PBXSourcesBuildPhase section */

/* Begin XCBuildConfiguration section */
		D31960B62A4CBABC006008DF /* Debug */ = {
			isa = XCBuildConfiguration;
			buildSettings = {
				ALWAYS_SEARCH_USER_PATHS = NO;
				CLANG_ANALYZER_NONNULL = YES;
				CLANG_ANALYZER_NUMBER_OBJECT_CONVERSION = YES_AGGRESSIVE;
				CLANG_CXX_LANGUAGE_STANDARD = "gnu++20";
				CLANG_ENABLE_MODULES = YES;
				CLANG_ENABLE_OBJC_ARC = YES;
				CLANG_ENABLE_OBJC_WEAK = YES;
				CLANG_WARN_BLOCK_CAPTURE_AUTORELEASING = YES;
				CLANG_WARN_BOOL_CONVERSION = YES;
				CLANG_WARN_COMMA = YES;
				CLANG_WARN_CONSTANT_CONVERSION = YES;
				CLANG_WARN_DEPRECATED_OBJC_IMPLEMENTATIONS = YES;
				CLANG_WARN_DIRECT_OBJC_ISA_USAGE = YES_ERROR;
				CLANG_WARN_DOCUMENTATION_COMMENTS = YES;
				CLANG_WARN_EMPTY_BODY = YES;
				CLANG_WARN_ENUM_CONVERSION = YES;
				CLANG_WARN_INFINITE_RECURSION = YES;
				CLANG_WARN_INT_CONVERSION = YES;
				CLANG_WARN_NON_LITERAL_NULL_CONVERSION = YES;
				CLANG_WARN_OBJC_IMPLICIT_RETAIN_SELF = YES;
				CLANG_WARN_OBJC_LITERAL_CONVERSION = YES;
				CLANG_WARN_OBJC_ROOT_CLASS = YES_ERROR;
				CLANG_WARN_QUOTED_INCLUDE_IN_FRAMEWORK_HEADER = YES;
				CLANG_WARN_RANGE_LOOP_ANALYSIS = YES;
				CLANG_WARN_STRICT_PROTOTYPES = YES;
				CLANG_WARN_SUSPICIOUS_MOVE = YES;
				CLANG_WARN_UNGUARDED_AVAILABILITY = YES_AGGRESSIVE;
				CLANG_WARN_UNREACHABLE_CODE = YES;
				CLANG_WARN__DUPLICATE_METHOD_MATCH = YES;
				COPY_PHASE_STRIP = NO;
				DEBUG_INFORMATION_FORMAT = dwarf;
				ENABLE_STRICT_OBJC_MSGSEND = YES;
				ENABLE_TESTABILITY = YES;
				GCC_C_LANGUAGE_STANDARD = gnu11;
				GCC_DYNAMIC_NO_PIC = NO;
				GCC_NO_COMMON_BLOCKS = YES;
				GCC_OPTIMIZATION_LEVEL = 0;
				GCC_PREPROCESSOR_DEFINITIONS = (
					"DEBUG=1",
					"$(inherited)",
				);
				GCC_WARN_64_TO_32_BIT_CONVERSION = YES;
				GCC_WARN_ABOUT_RETURN_TYPE = YES_ERROR;
				GCC_WARN_UNDECLARED_SELECTOR = YES;
				GCC_WARN_UNINITIALIZED_AUTOS = YES_AGGRESSIVE;
				GCC_WARN_UNUSED_FUNCTION = YES;
				GCC_WARN_UNUSED_VARIABLE = YES;
				IPHONEOS_DEPLOYMENT_TARGET = 16.4;
				MTL_ENABLE_DEBUG_INFO = INCLUDE_SOURCE;
				MTL_FAST_MATH = YES;
				ONLY_ACTIVE_ARCH = YES;
				SDKROOT = iphoneos;
				SWIFT_ACTIVE_COMPILATION_CONDITIONS = DEBUG;
				SWIFT_OPTIMIZATION_LEVEL = "-Onone";
			};
			name = Debug;
		};
		D31960B72A4CBABC006008DF /* Release */ = {
			isa = XCBuildConfiguration;
			buildSettings = {
				ALWAYS_SEARCH_USER_PATHS = NO;
				CLANG_ANALYZER_NONNULL = YES;
				CLANG_ANALYZER_NUMBER_OBJECT_CONVERSION = YES_AGGRESSIVE;
				CLANG_CXX_LANGUAGE_STANDARD = "gnu++20";
				CLANG_ENABLE_MODULES = YES;
				CLANG_ENABLE_OBJC_ARC = YES;
				CLANG_ENABLE_OBJC_WEAK = YES;
				CLANG_WARN_BLOCK_CAPTURE_AUTORELEASING = YES;
				CLANG_WARN_BOOL_CONVERSION = YES;
				CLANG_WARN_COMMA = YES;
				CLANG_WARN_CONSTANT_CONVERSION = YES;
				CLANG_WARN_DEPRECATED_OBJC_IMPLEMENTATIONS = YES;
				CLANG_WARN_DIRECT_OBJC_ISA_USAGE = YES_ERROR;
				CLANG_WARN_DOCUMENTATION_COMMENTS = YES;
				CLANG_WARN_EMPTY_BODY = YES;
				CLANG_WARN_ENUM_CONVERSION = YES;
				CLANG_WARN_INFINITE_RECURSION = YES;
				CLANG_WARN_INT_CONVERSION = YES;
				CLANG_WARN_NON_LITERAL_NULL_CONVERSION = YES;
				CLANG_WARN_OBJC_IMPLICIT_RETAIN_SELF = YES;
				CLANG_WARN_OBJC_LITERAL_CONVERSION = YES;
				CLANG_WARN_OBJC_ROOT_CLASS = YES_ERROR;
				CLANG_WARN_QUOTED_INCLUDE_IN_FRAMEWORK_HEADER = YES;
				CLANG_WARN_RANGE_LOOP_ANALYSIS = YES;
				CLANG_WARN_STRICT_PROTOTYPES = YES;
				CLANG_WARN_SUSPICIOUS_MOVE = YES;
				CLANG_WARN_UNGUARDED_AVAILABILITY = YES_AGGRESSIVE;
				CLANG_WARN_UNREACHABLE_CODE = YES;
				CLANG_WARN__DUPLICATE_METHOD_MATCH = YES;
				COPY_PHASE_STRIP = NO;
				DEBUG_INFORMATION_FORMAT = "dwarf-with-dsym";
				ENABLE_NS_ASSERTIONS = NO;
				ENABLE_STRICT_OBJC_MSGSEND = YES;
				GCC_C_LANGUAGE_STANDARD = gnu11;
				GCC_NO_COMMON_BLOCKS = YES;
				GCC_WARN_64_TO_32_BIT_CONVERSION = YES;
				GCC_WARN_ABOUT_RETURN_TYPE = YES_ERROR;
				GCC_WARN_UNDECLARED_SELECTOR = YES;
				GCC_WARN_UNINITIALIZED_AUTOS = YES_AGGRESSIVE;
				GCC_WARN_UNUSED_FUNCTION = YES;
				GCC_WARN_UNUSED_VARIABLE = YES;
				IPHONEOS_DEPLOYMENT_TARGET = 16.4;
				MTL_ENABLE_DEBUG_INFO = NO;
				MTL_FAST_MATH = YES;
				SDKROOT = iphoneos;
				SWIFT_COMPILATION_MODE = wholemodule;
				SWIFT_OPTIMIZATION_LEVEL = "-O";
				VALIDATE_PRODUCT = YES;
			};
			name = Release;
		};
		D31960B92A4CBABC006008DF /* Debug */ = {
			isa = XCBuildConfiguration;
			buildSettings = {
				ASSETCATALOG_COMPILER_APPICON_NAME = AppIcon;
				ASSETCATALOG_COMPILER_GLOBAL_ACCENT_COLOR_NAME = AccentColor;
				CODE_SIGN_STYLE = Automatic;
				CURRENT_PROJECT_VERSION = 1;
				DEVELOPMENT_ASSET_PATHS = "\"icalories/Preview Content\"";
				ENABLE_PREVIEWS = YES;
				GENERATE_INFOPLIST_FILE = YES;
				INFOPLIST_KEY_UIApplicationSceneManifest_Generation = YES;
				INFOPLIST_KEY_UIApplicationSupportsIndirectInputEvents = YES;
				INFOPLIST_KEY_UILaunchScreen_Generation = YES;
				INFOPLIST_KEY_UISupportedInterfaceOrientations_iPad = "UIInterfaceOrientationPortrait UIInterfaceOrientationPortraitUpsideDown UIInterfaceOrientationLandscapeLeft UIInterfaceOrientationLandscapeRight";
				INFOPLIST_KEY_UISupportedInterfaceOrientations_iPhone = "UIInterfaceOrientationPortrait UIInterfaceOrientationLandscapeLeft UIInterfaceOrientationLandscapeRight";
				LD_RUNPATH_SEARCH_PATHS = (
					"$(inherited)",
					"@executable_path/Frameworks",
				);
				MARKETING_VERSION = 1.0;
				PRODUCT_BUNDLE_IDENTIFIER = com.AB.icalories;
				PRODUCT_NAME = "$(TARGET_NAME)";
				SWIFT_EMIT_LOC_STRINGS = YES;
				SWIFT_VERSION = 5.0;
				TARGETED_DEVICE_FAMILY = "1,2";
			};
			name = Debug;
		};
		D31960BA2A4CBABC006008DF /* Release */ = {
			isa = XCBuildConfiguration;
			buildSettings = {
				ASSETCATALOG_COMPILER_APPICON_NAME = AppIcon;
				ASSETCATALOG_COMPILER_GLOBAL_ACCENT_COLOR_NAME = AccentColor;
				CODE_SIGN_STYLE = Automatic;
				CURRENT_PROJECT_VERSION = 1;
				DEVELOPMENT_ASSET_PATHS = "\"icalories/Preview Content\"";
				ENABLE_PREVIEWS = YES;
				GENERATE_INFOPLIST_FILE = YES;
				INFOPLIST_KEY_UIApplicationSceneManifest_Generation = YES;
				INFOPLIST_KEY_UIApplicationSupportsIndirectInputEvents = YES;
				INFOPLIST_KEY_UILaunchScreen_Generation = YES;
				INFOPLIST_KEY_UISupportedInterfaceOrientations_iPad = "UIInterfaceOrientationPortrait UIInterfaceOrientationPortraitUpsideDown UIInterfaceOrientationLandscapeLeft UIInterfaceOrientationLandscapeRight";
				INFOPLIST_KEY_UISupportedInterfaceOrientations_iPhone = "UIInterfaceOrientationPortrait UIInterfaceOrientationLandscapeLeft UIInterfaceOrientationLandscapeRight";
				LD_RUNPATH_SEARCH_PATHS = (
					"$(inherited)",
					"@executable_path/Frameworks",
				);
				MARKETING_VERSION = 1.0;
				PRODUCT_BUNDLE_IDENTIFIER = com.AB.icalories;
				PRODUCT_NAME = "$(TARGET_NAME)";
				SWIFT_EMIT_LOC_STRINGS = YES;
				SWIFT_VERSION = 5.0;
				TARGETED_DEVICE_FAMILY = "1,2";
			};
			name = Release;
		};
/* End XCBuildConfiguration section */

/* Begin XCConfigurationList section */
		D31960A52A4CBABA006008DF /* Build configuration list for PBXProject "icalories" */ = {
			isa = XCConfigurationList;
			buildConfigurations = (
				D31960B62A4CBABC006008DF /* Debug */,
				D31960B72A4CBABC006008DF /* Release */,
			);
			defaultConfigurationIsVisible = 0;
			defaultConfigurationName = Release;
		};
		D31960B82A4CBABC006008DF /* Build configuration list for PBXNativeTarget "icalories" */ = {
			isa = XCConfigurationList;
			buildConfigurations = (
				D31960B92A4CBABC006008DF /* Debug */,
				D31960BA2A4CBABC006008DF /* Release */,
			);
			defaultConfigurationIsVisible = 0;
			defaultConfigurationName = Release;
		};
/* End XCConfigurationList section */

/* Begin XCVersionGroup section */
		D31960BC2A4CBAFB006008DF /* FoodModel.xcdatamodeld */ = {
			isa = XCVersionGroup;
			children = (
				D31960BD2A4CBAFB006008DF /* FoodModel.xcdatamodel */,
			);
			currentVersion = D31960BD2A4CBAFB006008DF /* FoodModel.xcdatamodel */;
			path = FoodModel.xcdatamodeld;
			sourceTree = "<group>";
			versionGroupType = wrapper.xcdatamodel;
		};
/* End XCVersionGroup section */
	};
	rootObject = D31960A22A4CBABA006008DF /* Project object */;
}
